// !$*UTF8*$!
{
	archiveVersion = 1;
	classes = {
	};
	objectVersion = 60;
	objects = {

/* Begin PBXBuildFile section */
		30697CA92FB2121600EF45FD /* Assets.xcassets in Resources */ = {isa = PBXBuildFile; fileRef = 30697C9F2FB2121600EF45FD /* Assets.xcassets */; };
		30697CAB2FB2121600EF45FD /* LaunchScreen.storyboard in Resources */ = {isa = PBXBuildFile; fileRef = 30697CA32FB2121600EF45FD /* LaunchScreen.storyboard */; };
		30697CAC2FB2121600EF45FD /* Main.storyboard in Resources */ = {isa = PBXBuildFile; fileRef = 30697CA52FB2121600EF45FD /* Main.storyboard */; };
		30697CAD2FB2121600EF45FD /* Color+App.swift in Sources */ = {isa = PBXBuildFile; fileRef = 30697C872FB2121600EF45FD /* Color+App.swift */; };
		30697CAE2FB2121600EF45FD /* Color+Hex.swift in Sources */ = {isa = PBXBuildFile; fileRef = 30697C882FB2121600EF45FD /* Color+Hex.swift */; };
		30697CAF2FB2121600EF45FD /* HabitModels.swift in Sources */ = {isa = PBXBuildFile; fileRef = 30697C8A2FB2121600EF45FD /* HabitModels.swift */; };
		30697CB02FB2121600EF45FD /* AppRouter.swift in Sources */ = {isa = PBXBuildFile; fileRef = 30697C8C2FB2121600EF45FD /* AppRouter.swift */; };
		30697CB12FB2121600EF45FD /* PersistenceManager.swift in Sources */ = {isa = PBXBuildFile; fileRef = 30697C8D2FB2121600EF45FD /* PersistenceManager.swift */; };
		30697CB22FB2121600EF45FD /* PrivacyWebView.swift in Sources */ = {isa = PBXBuildFile; fileRef = 30697C8E2FB2121600EF45FD /* PrivacyWebView.swift */; };
		30697CB32FB2121600EF45FD /* SaveService.swift in Sources */ = {isa = PBXBuildFile; fileRef = 30697C8F2FB2121600EF45FD /* SaveService.swift */; };
		30697CB42FB2121600EF45FD /* StartMainView.swift in Sources */ = {isa = PBXBuildFile; fileRef = 30697C902FB2121600EF45FD /* StartMainView.swift */; };
		30697CB52FB2121600EF45FD /* SampleDataFactory.swift in Sources */ = {isa = PBXBuildFile; fileRef = 30697C922FB2121600EF45FD /* SampleDataFactory.swift */; };
		30697CB62FB2121600EF45FD /* HabitListViewModel.swift in Sources */ = {isa = PBXBuildFile; fileRef = 30697C942FB2121600EF45FD /* HabitListViewModel.swift */; };
		30697CB72FB2121600EF45FD /* ProgressViewModel.swift in Sources */ = {isa = PBXBuildFile; fileRef = 30697C952FB2121600EF45FD /* ProgressViewModel.swift */; };
		30697CB82FB2121600EF45FD /* StatisticsViewModel.swift in Sources */ = {isa = PBXBuildFile; fileRef = 30697C962FB2121600EF45FD /* StatisticsViewModel.swift */; };
		30697CB92FB2121600EF45FD /* AddHabitView.swift in Sources */ = {isa = PBXBuildFile; fileRef = 30697C982FB2121600EF45FD /* AddHabitView.swift */; };
		30697CBA2FB2121600EF45FD /* MainDashboardView.swift in Sources */ = {isa = PBXBuildFile; fileRef = 30697C992FB2121600EF45FD /* MainDashboardView.swift */; };
		30697CBB2FB2121600EF45FD /* ProgressView.swift in Sources */ = {isa = PBXBuildFile; fileRef = 30697C9A2FB2121600EF45FD /* ProgressView.swift */; };
		30697CBC2FB2121600EF45FD /* SettingsView.swift in Sources */ = {isa = PBXBuildFile; fileRef = 30697C9B2FB2121600EF45FD /* SettingsView.swift */; };
		30697CBD2FB2121600EF45FD /* StatisticsView.swift in Sources */ = {isa = PBXBuildFile; fileRef = 30697C9C2FB2121600EF45FD /* StatisticsView.swift */; };
		30697CBE2FB2121600EF45FD /* AppDelegate.swift in Sources */ = {isa = PBXBuildFile; fileRef = 30697C9E2FB2121600EF45FD /* AppDelegate.swift */; };
		30697CBF2FB2121600EF45FD /* ContentView.swift in Sources */ = {isa = PBXBuildFile; fileRef = 30697CA02FB2121600EF45FD /* ContentView.swift */; };
		30697CC02FB2121600EF45FD /* SceneDelegate.swift in Sources */ = {isa = PBXBuildFile; fileRef = 30697CA62FB2121600EF45FD /* SceneDelegate.swift */; };
		30697CC12FB2121600EF45FD /* ViewController.swift in Sources */ = {isa = PBXBuildFile; fileRef = 30697CA72FB2121600EF45FD /* ViewController.swift */; };
/* End PBXBuildFile section */

/* Begin PBXFileReference section */
		30697C872FB2121600EF45FD /* Color+App.swift */ = {isa = PBXFileReference; lastKnownFileType = sourcecode.swift; path = "Color+App.swift"; sourceTree = "<group>"; };
		30697C882FB2121600EF45FD /* Color+Hex.swift */ = {isa = PBXFileReference; lastKnownFileType = sourcecode.swift; path = "Color+Hex.swift"; sourceTree = "<group>"; };
		30697C8A2FB2121600EF45FD /* HabitModels.swift */ = {isa = PBXFileReference; lastKnownFileType = sourcecode.swift; path = HabitModels.swift; sourceTree = "<group>"; };
		30697C8C2FB2121600EF45FD /* AppRouter.swift */ = {isa = PBXFileReference; lastKnownFileType = sourcecode.swift; path = AppRouter.swift; sourceTree = "<group>"; };
		30697C8D2FB2121600EF45FD /* PersistenceManager.swift */ = {isa = PBXFileReference; lastKnownFileType = sourcecode.swift; path = PersistenceManager.swift; sourceTree = "<group>"; };
		30697C8E2FB2121600EF45FD /* PrivacyWebView.swift */ = {isa = PBXFileReference; lastKnownFileType = sourcecode.swift; path = PrivacyWebView.swift; sourceTree = "<group>"; };
		30697C8F2FB2121600EF45FD /* SaveService.swift */ = {isa = PBXFileReference; lastKnownFileType = sourcecode.swift; path = SaveService.swift; sourceTree = "<group>"; };
		30697C902FB2121600EF45FD /* StartMainView.swift */ = {isa = PBXFileReference; lastKnownFileType = sourcecode.swift; path = StartMainView.swift; sourceTree = "<group>"; };
		30697C922FB2121600EF45FD /* SampleDataFactory.swift */ = {isa = PBXFileReference; lastKnownFileType = sourcecode.swift; path = SampleDataFactory.swift; sourceTree = "<group>"; };
		30697C942FB2121600EF45FD /* HabitListViewModel.swift */ = {isa = PBXFileReference; lastKnownFileType = sourcecode.swift; path = HabitListViewModel.swift; sourceTree = "<group>"; };
		30697C952FB2121600EF45FD /* ProgressViewModel.swift */ = {isa = PBXFileReference; lastKnownFileType = sourcecode.swift; path = ProgressViewModel.swift; sourceTree = "<group>"; };
		30697C962FB2121600EF45FD /* StatisticsViewModel.swift */ = {isa = PBXFileReference; lastKnownFileType = sourcecode.swift; path = StatisticsViewModel.swift; sourceTree = "<group>"; };
		30697C982FB2121600EF45FD /* AddHabitView.swift */ = {isa = PBXFileReference; lastKnownFileType = sourcecode.swift; path = AddHabitView.swift; sourceTree = "<group>"; };
		30697C992FB2121600EF45FD /* MainDashboardView.swift */ = {isa = PBXFileReference; lastKnownFileType = sourcecode.swift; path = MainDashboardView.swift; sourceTree = "<group>"; };
		30697C9A2FB2121600EF45FD /* ProgressView.swift */ = {isa = PBXFileReference; lastKnownFileType = sourcecode.swift; path = ProgressView.swift; sourceTree = "<group>"; };
		30697C9B2FB2121600EF45FD /* SettingsView.swift */ = {isa = PBXFileReference; lastKnownFileType = sourcecode.swift; path = SettingsView.swift; sourceTree = "<group>"; };
		30697C9C2FB2121600EF45FD /* StatisticsView.swift */ = {isa = PBXFileReference; lastKnownFileType = sourcecode.swift; path = StatisticsView.swift; sourceTree = "<group>"; };
		30697C9E2FB2121600EF45FD /* AppDelegate.swift */ = {isa = PBXFileReference; lastKnownFileType = sourcecode.swift; path = AppDelegate.swift; sourceTree = "<group>"; };
		30697C9F2FB2121600EF45FD /* Assets.xcassets */ = {isa = PBXFileReference; lastKnownFileType = folder.assetcatalog; path = Assets.xcassets; sourceTree = "<group>"; };
		30697CA02FB2121600EF45FD /* ContentView.swift */ = {isa = PBXFileReference; lastKnownFileType = sourcecode.swift; path = ContentView.swift; sourceTree = "<group>"; };
		30697CA12FB2121600EF45FD /* Info.plist */ = {isa = PBXFileReference; lastKnownFileType = text.plist.xml; path = Info.plist; sourceTree = "<group>"; };
		30697CA22FB2121600EF45FD /* Base */ = {isa = PBXFileReference; lastKnownFileType = file.storyboard; name = Base; path = Base.lproj/LaunchScreen.storyboard; sourceTree = "<group>"; };
		30697CA42FB2121600EF45FD /* Base */ = {isa = PBXFileReference; lastKnownFileType = file.storyboard; name = Base; path = Base.lproj/Main.storyboard; sourceTree = "<group>"; };
		30697CA62FB2121600EF45FD /* SceneDelegate.swift */ = {isa = PBXFileReference; lastKnownFileType = sourcecode.swift; path = SceneDelegate.swift; sourceTree = "<group>"; };
		30697CA72FB2121600EF45FD /* ViewController.swift */ = {isa = PBXFileReference; lastKnownFileType = sourcecode.swift; path = ViewController.swift; sourceTree = "<group>"; };
		3723304C6393FA911CDB0697 /* Pods_HabitFusion.framework */ = {isa = PBXFileReference; explicitFileType = wrapper.framework; includeInIndex = 0; path = Pods_HabitFusion.framework; sourceTree = BUILT_PRODUCTS_DIR; };
		74FB77662EC4C547008564CE /* HabitFusion.app */ = {isa = PBXFileReference; explicitFileType = wrapper.application; includeInIndex = 0; path = HabitFusion.app; sourceTree = BUILT_PRODUCTS_DIR; };
		8E321C3363E6644CE18111E2 /* Pods-HabitFusion.release.xcconfig */ = {isa = PBXFileReference; includeInIndex = 1; lastKnownFileType = text.xcconfig; name = "Pods-HabitFusion.release.xcconfig"; path = "Target Support Files/Pods-HabitFusion/Pods-HabitFusion.release.xcconfig"; sourceTree = "<group>"; };
		A93BEF17B2566DFA63254270 /* Pods-HabitFusion.debug.xcconfig */ = {isa = PBXFileReference; includeInIndex = 1; lastKnownFileType = text.xcconfig; name = "Pods-HabitFusion.debug.xcconfig"; path = "Target Support Files/Pods-HabitFusion/Pods-HabitFusion.debug.xcconfig"; sourceTree = "<group>"; };
/* End PBXFileReference section */

/* Begin PBXFrameworksBuildPhase section */
		74FB77632EC4C547008564CE /* Frameworks */ = {
			isa = PBXFrameworksBuildPhase;
			buildActionMask = 2147483647;
			files = (
			);
			runOnlyForDeploymentPostprocessing = 0;
		};
/* End PBXFrameworksBuildPhase section */

/* Begin PBXGroup section */
		2BA172534108927A57CB2B1E /* Frameworks */ = {
			isa = PBXGroup;
			children = (
				3723304C6393FA911CDB0697 /* Pods_HabitFusion.framework */,
			);
			name = Frameworks;
			sourceTree = "<group>";
		};
		30697C892FB2121600EF45FD /* Extensions */ = {
			isa = PBXGroup;
			children = (
				30697C872FB2121600EF45FD /* Color+App.swift */,
				30697C882FB2121600EF45FD /* Color+Hex.swift */,
			);
			path = Extensions;
			sourceTree = "<group>";
		};
		30697C8B2FB2121600EF45FD /* Models */ = {
			isa = PBXGroup;
			children = (
				30697C8A2FB2121600EF45FD /* HabitModels.swift */,
			);
			path = Models;
			sourceTree = "<group>";
		};
		30697C912FB2121600EF45FD /* Router */ = {
			isa = PBXGroup;
			children = (
				30697C8C2FB2121600EF45FD /* AppRouter.swift */,
				30697C8D2FB2121600EF45FD /* PersistenceManager.swift */,
				30697C8E2FB2121600EF45FD /* PrivacyWebView.swift */,
				30697C8F2FB2121600EF45FD /* SaveService.swift */,
				30697C902FB2121600EF45FD /* StartMainView.swift */,
			);
			path = Router;
			sourceTree = "<group>";
		};
		30697C932FB2121600EF45FD /* Utilities */ = {
			isa = PBXGroup;
			children = (
				30697C922FB2121600EF45FD /* SampleDataFactory.swift */,
			);
			path = Utilities;
			sourceTree = "<group>";
		};
		30697C972FB2121600EF45FD /* ViewModels */ = {
			isa = PBXGroup;
			children = (
				30697C942FB2121600EF45FD /* HabitListViewModel.swift */,
				30697C952FB2121600EF45FD /* ProgressViewModel.swift */,
				30697C962FB2121600EF45FD /* StatisticsViewModel.swift */,
			);
			path = ViewModels;
			sourceTree = "<group>";
		};
		30697C9D2FB2121600EF45FD /* Views */ = {
			isa = PBXGroup;
			children = (
				30697C982FB2121600EF45FD /* AddHabitView.swift */,
				30697C992FB2121600EF45FD /* MainDashboardView.swift */,
				30697C9A2FB2121600EF45FD /* ProgressView.swift */,
				30697C9B2FB2121600EF45FD /* SettingsView.swift */,
				30697C9C2FB2121600EF45FD /* StatisticsView.swift */,
			);
			path = Views;
			sourceTree = "<group>";
		};
		30697CA82FB2121600EF45FD /* HabitFusion */ = {
			isa = PBXGroup;
			children = (
				30697C892FB2121600EF45FD /* Extensions */,
				30697C8B2FB2121600EF45FD /* Models */,
				30697C912FB2121600EF45FD /* Router */,
				30697C932FB2121600EF45FD /* Utilities */,
				30697C972FB2121600EF45FD /* ViewModels */,
				30697C9D2FB2121600EF45FD /* Views */,
				30697C9E2FB2121600EF45FD /* AppDelegate.swift */,
				30697C9F2FB2121600EF45FD /* Assets.xcassets */,
				30697CA02FB2121600EF45FD /* ContentView.swift */,
				30697CA12FB2121600EF45FD /* Info.plist */,
				30697CA32FB2121600EF45FD /* LaunchScreen.storyboard */,
				30697CA52FB2121600EF45FD /* Main.storyboard */,
				30697CA62FB2121600EF45FD /* SceneDelegate.swift */,
				30697CA72FB2121600EF45FD /* ViewController.swift */,
			);
			path = HabitFusion;
			sourceTree = "<group>";
		};
		34FD1D48D724394EEF1BCB1B /* Pods */ = {
			isa = PBXGroup;
			children = (
				A93BEF17B2566DFA63254270 /* Pods-HabitFusion.debug.xcconfig */,
				8E321C3363E6644CE18111E2 /* Pods-HabitFusion.release.xcconfig */,
			);
			path = Pods;
			sourceTree = "<group>";
		};
		74FB775D2EC4C547008564CE = {
			isa = PBXGroup;
			children = (
				30697CA82FB2121600EF45FD /* HabitFusion */,
				74FB77672EC4C547008564CE /* Products */,
				34FD1D48D724394EEF1BCB1B /* Pods */,
				2BA172534108927A57CB2B1E /* Frameworks */,
			);
			sourceTree = "<group>";
		};
		74FB77672EC4C547008564CE /* Products */ = {
			isa = PBXGroup;
			children = (
				74FB77662EC4C547008564CE /* HabitFusion.app */,
			);
			name = Products;
			sourceTree = "<group>";
		};
/* End PBXGroup section */

/* Begin PBXNativeTarget section */
		74FB77652EC4C547008564CE /* HabitFusion */ = {
			isa = PBXNativeTarget;
			buildConfigurationList = 74FB77792EC4C548008564CE /* Build configuration list for PBXNativeTarget "HabitFusion" */;
			buildPhases = (
				84410B1BB08FFF12105C4C7C /* [CP] Check Pods Manifest.lock */,
				74FB77622EC4C547008564CE /* Sources */,
				74FB77632EC4C547008564CE /* Frameworks */,
				74FB77642EC4C547008564CE /* Resources */,
			);
			buildRules = (
			);
			dependencies = (
			);
			name = HabitFusion;
			productName = HabitFusion;
			productReference = 74FB77662EC4C547008564CE /* HabitFusion.app */;
			productType = "com.apple.product-type.application";
		};
/* End PBXNativeTarget section */

/* Begin PBXProject section */
		74FB775E2EC4C547008564CE /* Project object */ = {
			isa = PBXProject;
			attributes = {
				BuildIndependentTargetsInParallel = 1;
				LastSwiftUpdateCheck = 2600;
				LastUpgradeCheck = 2600;
				TargetAttributes = {
					74FB77652EC4C547008564CE = {
						CreatedOnToolsVersion = 26.0;
					};
				};
			};
			buildConfigurationList = 74FB77612EC4C547008564CE /* Build configuration list for PBXProject "HabitFusion" */;
			compatibilityVersion = "Xcode 15.0";
			developmentRegion = en;
			hasScannedForEncodings = 0;
			knownRegions = (
				en,
				Base,
			);
			mainGroup = 74FB775D2EC4C547008564CE;
			productRefGroup = 74FB77672EC4C547008564CE /* Products */;
			projectDirPath = "";
			projectRoot = "";
			targets = (
				74FB77652EC4C547008564CE /* HabitFusion */,
			);
		};
/* End PBXProject section */

/* Begin PBXResourcesBuildPhase section */
		74FB77642EC4C547008564CE /* Resources */ = {
			isa = PBXResourcesBuildPhase;
			buildActionMask = 2147483647;
			files = (
				30697CA92FB2121600EF45FD /* Assets.xcassets in Resources */,
				30697CAB2FB2121600EF45FD /* LaunchScreen.storyboard in Resources */,
				30697CAC2FB2121600EF45FD /* Main.storyboard in Resources */,
			);
			runOnlyForDeploymentPostprocessing = 0;
		};
/* End PBXResourcesBuildPhase section */

/* Begin PBXShellScriptBuildPhase section */
		84410B1BB08FFF12105C4C7C /* [CP] Check Pods Manifest.lock */ = {
			isa = PBXShellScriptBuildPhase;
			buildActionMask = 2147483647;
			files = (
			);
			inputFileListPaths = (
			);
			inputPaths = (
				"${PODS_PODFILE_DIR_PATH}/Podfile.lock",
				"${PODS_ROOT}/Manifest.lock",
			);
			name = "[CP] Check Pods Manifest.lock";
			outputFileListPaths = (
			);
			outputPaths = (
				"$(DERIVED_FILE_DIR)/Pods-HabitFusion-checkManifestLockResult.txt",
			);
			runOnlyForDeploymentPostprocessing = 0;
			shellPath = /bin/sh;
			shellScript = "diff \"${PODS_PODFILE_DIR_PATH}/Podfile.lock\" \"${PODS_ROOT}/Manifest.lock\" > /dev/null\nif [ $? != 0 ] ; then\n    # print error to STDERR\n    echo \"error: The sandbox is not in sync with the Podfile.lock. Run 'pod install' or update your CocoaPods installation.\" >&2\n    exit 1\nfi\n# This output is used by Xcode 'outputs' to avoid re-running this script phase.\necho \"SUCCESS\" > \"${SCRIPT_OUTPUT_FILE_0}\"\n";
			showEnvVarsInLog = 0;
		};
/* End PBXShellScriptBuildPhase section */

/* Begin PBXSourcesBuildPhase section */
		74FB77622EC4C547008564CE /* Sources */ = {
			isa = PBXSourcesBuildPhase;
			buildActionMask = 2147483647;
			files = (
				30697CAD2FB2121600EF45FD /* Color+App.swift in Sources */,
				30697CAE2FB2121600EF45FD /* Color+Hex.swift in Sources */,
				30697CAF2FB2121600EF45FD /* HabitModels.swift in Sources */,
				30697CB02FB2121600EF45FD /* AppRouter.swift in Sources */,
				30697CB12FB2121600EF45FD /* PersistenceManager.swift in Sources */,
				30697CB22FB2121600EF45FD /* PrivacyWebView.swift in Sources */,
				30697CB32FB2121600EF45FD /* SaveService.swift in Sources */,
				30697CB42FB2121600EF45FD /* StartMainView.swift in Sources */,
				30697CB52FB2121600EF45FD /* SampleDataFactory.swift in Sources */,
				30697CB62FB2121600EF45FD /* HabitListViewModel.swift in Sources */,
				30697CB72FB2121600EF45FD /* ProgressViewModel.swift in Sources */,
				30697CB82FB2121600EF45FD /* StatisticsViewModel.swift in Sources */,
				30697CB92FB2121600EF45FD /* AddHabitView.swift in Sources */,
				30697CBA2FB2121600EF45FD /* MainDashboardView.swift in Sources */,
				30697CBB2FB2121600EF45FD /* ProgressView.swift in Sources */,
				30697CBC2FB2121600EF45FD /* SettingsView.swift in Sources */,
				30697CBD2FB2121600EF45FD /* StatisticsView.swift in Sources */,
				30697CBE2FB2121600EF45FD /* AppDelegate.swift in Sources */,
				30697CBF2FB2121600EF45FD /* ContentView.swift in Sources */,
				30697CC02FB2121600EF45FD /* SceneDelegate.swift in Sources */,
				30697CC12FB2121600EF45FD /* ViewController.swift in Sources */,
			);
			runOnlyForDeploymentPostprocessing = 0;
		};
/* End PBXSourcesBuildPhase section */

/* Begin PBXVariantGroup section */
		30697CA32FB2121600EF45FD /* LaunchScreen.storyboard */ = {
			isa = PBXVariantGroup;
			children = (
				30697CA22FB2121600EF45FD /* Base */,
			);
			name = LaunchScreen.storyboard;
			sourceTree = "<group>";
		};
		30697CA52FB2121600EF45FD /* Main.storyboard */ = {
			isa = PBXVariantGroup;
			children = (
				30697CA42FB2121600EF45FD /* Base */,
			);
			name = Main.storyboard;
			sourceTree = "<group>";
		};
/* End PBXVariantGroup section */

/* Begin XCBuildConfiguration section */
		74FB777A2EC4C548008564CE /* Debug */ = {
			isa = XCBuildConfiguration;
			baseConfigurationReference = A93BEF17B2566DFA63254270 /* Pods-HabitFusion.debug.xcconfig */;
			buildSettings = {
				ASSETCATALOG_COMPILER_APPICON_NAME = AppIcon;
				ASSETCATALOG_COMPILER_GLOBAL_ACCENT_COLOR_NAME = AccentColor;
				CODE_SIGN_STYLE = Automatic;
				CURRENT_PROJECT_VERSION = 1;
				GENERATE_INFOPLIST_FILE = YES;
				INFOPLIST_FILE = HabitFusion/Info.plist;
				INFOPLIST_KEY_CFBundleDisplayName = "RoutineReactor: Habit";
				INFOPLIST_KEY_UIApplicationSupportsIndirectInputEvents = YES;
				INFOPLIST_KEY_UILaunchStoryboardName = LaunchScreen;
				INFOPLIST_KEY_UIMainStoryboardFile = Main;
				INFOPLIST_KEY_UISupportedInterfaceOrientations = UIInterfaceOrientationPortrait;
				INFOPLIST_KEY_UISupportedInterfaceOrientations_iPad = "UIInterfaceOrientationLandscapeLeft UIInterfaceOrientationLandscapeRight UIInterfaceOrientationPortrait UIInterfaceOrientationPortraitUpsideDown";
				IPHONEOS_DEPLOYMENT_TARGET = 16.6;
				LD_RUNPATH_SEARCH_PATHS = (
					"$(inherited)",
					"@executable_path/Frameworks",
				);
				MARKETING_VERSION = 1.1.1;
				PRODUCT_BUNDLE_IDENTIFIER = com.sar.r08t3n3r38ct0rh;
				PRODUCT_NAME = "$(TARGET_NAME)";
				STRING_CATALOG_GENERATE_SYMBOLS = YES;
				SUPPORTED_PLATFORMS = "iphoneos iphonesimulator";
				SUPPORTS_MACCATALYST = NO;
				SUPPORTS_MAC_DESIGNED_FOR_IPHONE_IPAD = NO;
				SUPPORTS_XR_DESIGNED_FOR_IPHONE_IPAD = NO;
				SWIFT_APPROACHABLE_CONCURRENCY = YES;
				SWIFT_DEFAULT_ACTOR_ISOLATION = MainActor;
				SWIFT_EMIT_LOC_STRINGS = YES;
				SWIFT_UPCOMING_FEATURE_MEMBER_IMPORT_VISIBILITY = YES;
				SWIFT_VERSION = 5.0;
				TARGETED_DEVICE_FAMILY = 1;
			};
			name = Debug;
		};
		74FB777B2EC4C548008564CE /* Release */ = {
			isa = XCBuildConfiguration;
			baseConfigurationReference = 8E321C3363E6644CE18111E2 /* Pods-HabitFusion.release.xcconfig */;
			buildSettings = {
				ASSETCATALOG_COMPILER_APPICON_NAME = AppIcon;
				ASSETCATALOG_COMPILER_GLOBAL_ACCENT_COLOR_NAME = AccentColor;
				CODE_SIGN_STYLE = Automatic;
				CURRENT_PROJECT_VERSION = 1;
				GENERATE_INFOPLIST_FILE = YES;
				INFOPLIST_FILE = HabitFusion/Info.plist;
				INFOPLIST_KEY_CFBundleDisplayName = "RoutineReactor: Habit";
				INFOPLIST_KEY_UIApplicationSupportsIndirectInputEvents = YES;
				INFOPLIST_KEY_UILaunchStoryboardName = LaunchScreen;
				INFOPLIST_KEY_UIMainStoryboardFile = Main;
				INFOPLIST_KEY_UISupportedInterfaceOrientations = UIInterfaceOrientationPortrait;
				INFOPLIST_KEY_UISupportedInterfaceOrientations_iPad = "UIInterfaceOrientationLandscapeLeft UIInterfaceOrientationLandscapeRight UIInterfaceOrientationPortrait UIInterfaceOrientationPortraitUpsideDown";
				IPHONEOS_DEPLOYMENT_TARGET = 16.6;
				LD_RUNPATH_SEARCH_PATHS = (
					"$(inherited)",
					"@executable_path/Frameworks",
				);
				MARKETING_VERSION = 1.1.1;
				PRODUCT_BUNDLE_IDENTIFIER = com.sar.r08t3n3r38ct0rh;
				PRODUCT_NAME = "$(TARGET_NAME)";
				STRING_CATALOG_GENERATE_SYMBOLS = YES;
				SUPPORTED_PLATFORMS = "iphoneos iphonesimulator";
				SUPPORTS_MACCATALYST = NO;
				SUPPORTS_MAC_DESIGNED_FOR_IPHONE_IPAD = NO;
				SUPPORTS_XR_DESIGNED_FOR_IPHONE_IPAD = NO;
				SWIFT_APPROACHABLE_CONCURRENCY = YES;
				SWIFT_DEFAULT_ACTOR_ISOLATION = MainActor;
				SWIFT_EMIT_LOC_STRINGS = YES;
				SWIFT_UPCOMING_FEATURE_MEMBER_IMPORT_VISIBILITY = YES;
				SWIFT_VERSION = 5.0;
				TARGETED_DEVICE_FAMILY = 1;
			};
			name = Release;
		};
		74FB777C2EC4C548008564CE /* Debug */ = {
			isa = XCBuildConfiguration;
			buildSettings = {
				ALWAYS_SEARCH_USER_PATHS = NO;
				ASSETCATALOG_COMPILER_GENERATE_SWIFT_ASSET_SYMBOL_EXTENSIONS = YES;
				CLANG_ANALYZER_NONNULL = YES;
				CLANG_ANALYZER_NUMBER_OBJECT_CONVERSION = YES_AGGRESSIVE;
				CLANG_CXX_LANGUAGE_STANDARD = "gnu++20";
				CLANG_ENABLE_MODULES = YES;
				CLANG_ENABLE_OBJC_ARC = YES;
				CLANG_ENABLE_OBJC_WEAK = YES;
				CLANG_WARN_BLOCK_CAPTURE_AUTORELEASING = YES;
				CLANG_WARN_BOOL_CONVERSION = YES;
				CLANG_WARN_COMMA = YES;
				CLANG_WARN_CONSTANT_CONVERSION = YES;
				CLANG_WARN_DEPRECATED_OBJC_IMPLEMENTATIONS = YES;
				CLANG_WARN_DIRECT_OBJC_ISA_USAGE = YES_ERROR;
				CLANG_WARN_DOCUMENTATION_COMMENTS = YES;
				CLANG_WARN_EMPTY_BODY = YES;
				CLANG_WARN_ENUM_CONVERSION = YES;
				CLANG_WARN_INFINITE_RECURSION = YES;
				CLANG_WARN_INT_CONVERSION = YES;
				CLANG_WARN_NON_LITERAL_NULL_CONVERSION = YES;
				CLANG_WARN_OBJC_IMPLICIT_RETAIN_SELF = YES;
				CLANG_WARN_OBJC_LITERAL_CONVERSION = YES;
				CLANG_WARN_OBJC_ROOT_CLASS = YES_ERROR;
				CLANG_WARN_QUOTED_INCLUDE_IN_FRAMEWORK_HEADER = YES;
				CLANG_WARN_RANGE_LOOP_ANALYSIS = YES;
				CLANG_WARN_STRICT_PROTOTYPES = YES;
				CLANG_WARN_SUSPICIOUS_MOVE = YES;
				CLANG_WARN_UNGUARDED_AVAILABILITY = YES_AGGRESSIVE;
				CLANG_WARN_UNREACHABLE_CODE = YES;
				CLANG_WARN__DUPLICATE_METHOD_MATCH = YES;
				COPY_PHASE_STRIP = NO;
				DEBUG_INFORMATION_FORMAT = dwarf;
				ENABLE_STRICT_OBJC_MSGSEND = YES;
				ENABLE_TESTABILITY = YES;
				ENABLE_USER_SCRIPT_SANDBOXING = YES;
				GCC_C_LANGUAGE_STANDARD = gnu17;
				GCC_DYNAMIC_NO_PIC = NO;
				GCC_NO_COMMON_BLOCKS = YES;
				GCC_OPTIMIZATION_LEVEL = 0;
				GCC_PREPROCESSOR_DEFINITIONS = (
					"DEBUG=1",
					"$(inherited)",
				);
				GCC_WARN_64_TO_32_BIT_CONVERSION = YES;
				GCC_WARN_ABOUT_RETURN_TYPE = YES_ERROR;
				GCC_WARN_UNDECLARED_SELECTOR = YES;
				GCC_WARN_UNINITIALIZED_AUTOS = YES_AGGRESSIVE;
				GCC_WARN_UNUSED_FUNCTION = YES;
				GCC_WARN_UNUSED_VARIABLE = YES;
				IPHONEOS_DEPLOYMENT_TARGET = 26.0;
				LOCALIZATION_PREFERS_STRING_CATALOGS = YES;
				MTL_ENABLE_DEBUG_INFO = INCLUDE_SOURCE;
				MTL_FAST_MATH = YES;
				ONLY_ACTIVE_ARCH = YES;
				SDKROOT = iphoneos;
				SWIFT_ACTIVE_COMPILATION_CONDITIONS = "DEBUG $(inherited)";
				SWIFT_OPTIMIZATION_LEVEL = "-Onone";
			};
			name = Debug;
		};
		74FB777D2EC4C548008564CE /* Release */ = {
			isa = XCBuildConfiguration;
			buildSettings = {
				ALWAYS_SEARCH_USER_PATHS = NO;
				ASSETCATALOG_COMPILER_GENERATE_SWIFT_ASSET_SYMBOL_EXTENSIONS = YES;
				CLANG_ANALYZER_NONNULL = YES;
				CLANG_ANALYZER_NUMBER_OBJECT_CONVERSION = YES_AGGRESSIVE;
				CLANG_CXX_LANGUAGE_STANDARD = "gnu++20";
				CLANG_ENABLE_MODULES = YES;
				CLANG_ENABLE_OBJC_ARC = YES;
				CLANG_ENABLE_OBJC_WEAK = YES;
				CLANG_WARN_BLOCK_CAPTURE_AUTORELEASING = YES;
				CLANG_WARN_BOOL_CONVERSION = YES;
				CLANG_WARN_COMMA = YES;
				CLANG_WARN_CONSTANT_CONVERSION = YES;
				CLANG_WARN_DEPRECATED_OBJC_IMPLEMENTATIONS = YES;
				CLANG_WARN_DIRECT_OBJC_ISA_USAGE = YES_ERROR;
				CLANG_WARN_DOCUMENTATION_COMMENTS = YES;
				CLANG_WARN_EMPTY_BODY = YES;
				CLANG_WARN_ENUM_CONVERSION = YES;
				CLANG_WARN_INFINITE_RECURSION = YES;
				CLANG_WARN_INT_CONVERSION = YES;
				CLANG_WARN_NON_LITERAL_NULL_CONVERSION = YES;
				CLANG_WARN_OBJC_IMPLICIT_RETAIN_SELF = YES;
				CLANG_WARN_OBJC_LITERAL_CONVERSION = YES;
				CLANG_WARN_OBJC_ROOT_CLASS = YES_ERROR;
				CLANG_WARN_QUOTED_INCLUDE_IN_FRAMEWORK_HEADER = YES;
				CLANG_WARN_RANGE_LOOP_ANALYSIS = YES;
				CLANG_WARN_STRICT_PROTOTYPES = YES;
				CLANG_WARN_SUSPICIOUS_MOVE = YES;
				CLANG_WARN_UNGUARDED_AVAILABILITY = YES_AGGRESSIVE;
				CLANG_WARN_UNREACHABLE_CODE = YES;
				CLANG_WARN__DUPLICATE_METHOD_MATCH = YES;
				COPY_PHASE_STRIP = NO;
				DEBUG_INFORMATION_FORMAT = "dwarf-with-dsym";
				ENABLE_NS_ASSERTIONS = NO;
				ENABLE_STRICT_OBJC_MSGSEND = YES;
				ENABLE_USER_SCRIPT_SANDBOXING = YES;
				GCC_C_LANGUAGE_STANDARD = gnu17;
				GCC_NO_COMMON_BLOCKS = YES;
				GCC_WARN_64_TO_32_BIT_CONVERSION = YES;
				GCC_WARN_ABOUT_RETURN_TYPE = YES_ERROR;
				GCC_WARN_UNDECLARED_SELECTOR = YES;
				GCC_WARN_UNINITIALIZED_AUTOS = YES_AGGRESSIVE;
				GCC_WARN_UNUSED_FUNCTION = YES;
				GCC_WARN_UNUSED_VARIABLE = YES;
				IPHONEOS_DEPLOYMENT_TARGET = 26.0;
				LOCALIZATION_PREFERS_STRING_CATALOGS = YES;
				MTL_ENABLE_DEBUG_INFO = NO;
				MTL_FAST_MATH = YES;
				SDKROOT = iphoneos;
				SWIFT_COMPILATION_MODE = wholemodule;
				VALIDATE_PRODUCT = YES;
			};
			name = Release;
		};
/* End XCBuildConfiguration section */

/* Begin XCConfigurationList section */
		74FB77612EC4C547008564CE /* Build configuration list for PBXProject "HabitFusion" */ = {
			isa = XCConfigurationList;
			buildConfigurations = (
				74FB777C2EC4C548008564CE /* Debug */,
				74FB777D2EC4C548008564CE /* Release */,
			);
			defaultConfigurationIsVisible = 0;
			defaultConfigurationName = Release;
		};
		74FB77792EC4C548008564CE /* Build configuration list for PBXNativeTarget "HabitFusion" */ = {
			isa = XCConfigurationList;
			buildConfigurations = (
				74FB777A2EC4C548008564CE /* Debug */,
				74FB777B2EC4C548008564CE /* Release */,
			);
			defaultConfigurationIsVisible = 0;
			defaultConfigurationName = Release;
		};
/* End XCConfigurationList section */
	};
	rootObject = 74FB775E2EC4C547008564CE /* Project object */;
}
